Microsoft Visual Studio Solution File, Format Version 12.00
# Visual Studio Version 17
VisualStudioVersion = 17.5.2.0
MinimumVisualStudioVersion = 10.0.40219.1
Project("{FAE04EC0-301F-11D3-BF4B-00C04F79EFBC}") = "RecetasApi.Api", "RecetasApi.Api.csproj", "{F43841CB-FD89-061B-EA16-8005858C7C9D}"
EndProject
Global
	GlobalSection(SolutionConfigurationPlatforms) = preSolution
		Debug|Any CPU = Debug|Any CPU
		Release|Any CPU = Release|Any CPU
	EndGlobalSection
	GlobalSection(ProjectConfigurationPlatforms) = postSolution
		{F43841CB-FD89-061B-EA16-8005858C7C9D}.Debug|Any CPU.ActiveCfg = Debug|Any CPU
		{F43841CB-FD89-061B-EA16-8005858C7C9D}.Debug|Any CPU.Build.0 = Debug|Any CPU
		{F43841CB-FD89-061B-EA16-8005858C7C9D}.Release|Any CPU.ActiveCfg = Release|Any CPU
		{F43841CB-FD89-061B-EA16-8005858C7C9D}.Release|Any CPU.Build.0 = Release|Any CPU
	EndGlobalSection
	GlobalSection(SolutionProperties) = preSolution
		HideSolutionNode = FALSE
	EndGlobalSection
	GlobalSection(ExtensibilityGlobals) = postSolution
		SolutionGuid = {617A81CE-E850-4FAF-A8C4-8A73A9A20E6B}
	EndGlobalSection
EndGlobal
